
Microsoft Visual Studio Solution File, Format Version 12.00
# Visual Studio 14
VisualStudioVersion = 14.0.25420.1
MinimumVisualStudioVersion = 10.0.40219.1
Project("{8BB2217D-0F2D-49D1-97BC-3654ED321F3B}") = "JWTAuthDemo", "JWTAuthDemo\JWTAuthDemo.xproj", "{03E7F1F8-FB99-4896-BDBC-A1E50076DEFE}"
EndProject
Project("{8BB2217D-0F2D-49D1-97BC-3654ED321F3B}") = "IdentityServer4DemoWebApplicationServer", "IdentityServer4DemoWebApplicationServer\IdentityServer4DemoWebApplicationServer.xproj", "{4A2F03A2-3815-4E21-A2C9-23091FBC8B39}"
EndProject
Project("{8BB2217D-0F2D-49D1-97BC-3654ED321F3B}") = "IdentityServer4DemoWebApplicationClient", "IdentityServer4DemoWebApplicationClient\IdentityServer4DemoWebApplicationClient.xproj", "{4CFB4883-9929-4814-BE22-2E19476CE4A3}"
EndProject
Project("{8BB2217D-0F2D-49D1-97BC-3654ED321F3B}") = "MySSOServer", "MySSOServer\MySSOServer.xproj", "{0425404F-EC28-4B01-B228-7D775165ED30}"
EndProject
Project("{8BB2217D-0F2D-49D1-97BC-3654ED321F3B}") = "MySSOApi", "MySSOApi\MySSOApi.xproj", "{5A06B241-114F-45F9-B7ED-4D43162AC17A}"
EndProject
Project("{FAE04EC0-301F-11D3-BF4B-00C04F79EFBC}") = "MySSOConsoleUser", "MySSOConsoleUser\MySSOConsoleUser.csproj", "{B2926A79-E47B-4385-9481-7A38B4243144}"
EndProject
Global
	GlobalSection(SolutionConfigurationPlatforms) = preSolution
		Debug|Any CPU = Debug|Any CPU
		Release|Any CPU = Release|Any CPU
	EndGlobalSection
	GlobalSection(ProjectConfigurationPlatforms) = postSolution
		{03E7F1F8-FB99-4896-BDBC-A1E50076DEFE}.Debug|Any CPU.ActiveCfg = Debug|Any CPU
		{03E7F1F8-FB99-4896-BDBC-A1E50076DEFE}.Debug|Any CPU.Build.0 = Debug|Any CPU
		{03E7F1F8-FB99-4896-BDBC-A1E50076DEFE}.Release|Any CPU.ActiveCfg = Release|Any CPU
		{03E7F1F8-FB99-4896-BDBC-A1E50076DEFE}.Release|Any CPU.Build.0 = Release|Any CPU
		{4A2F03A2-3815-4E21-A2C9-23091FBC8B39}.Debug|Any CPU.ActiveCfg = Debug|Any CPU
		{4A2F03A2-3815-4E21-A2C9-23091FBC8B39}.Debug|Any CPU.Build.0 = Debug|Any CPU
		{4A2F03A2-3815-4E21-A2C9-23091FBC8B39}.Release|Any CPU.ActiveCfg = Release|Any CPU
		{4A2F03A2-3815-4E21-A2C9-23091FBC8B39}.Release|Any CPU.Build.0 = Release|Any CPU
		{4CFB4883-9929-4814-BE22-2E19476CE4A3}.Debug|Any CPU.ActiveCfg = Debug|Any CPU
		{4CFB4883-9929-4814-BE22-2E19476CE4A3}.Debug|Any CPU.Build.0 = Debug|Any CPU
		{4CFB4883-9929-4814-BE22-2E19476CE4A3}.Release|Any CPU.ActiveCfg = Release|Any CPU
		{4CFB4883-9929-4814-BE22-2E19476CE4A3}.Release|Any CPU.Build.0 = Release|Any CPU
		{0425404F-EC28-4B01-B228-7D775165ED30}.Debug|Any CPU.ActiveCfg = Debug|Any CPU
		{0425404F-EC28-4B01-B228-7D775165ED30}.Debug|Any CPU.Build.0 = Debug|Any CPU
		{0425404F-EC28-4B01-B228-7D775165ED30}.Release|Any CPU.ActiveCfg = Release|Any CPU
		{0425404F-EC28-4B01-B228-7D775165ED30}.Release|Any CPU.Build.0 = Release|Any CPU
		{5A06B241-114F-45F9-B7ED-4D43162AC17A}.Debug|Any CPU.ActiveCfg = Debug|Any CPU
		{5A06B241-114F-45F9-B7ED-4D43162AC17A}.Debug|Any CPU.Build.0 = Debug|Any CPU
		{5A06B241-114F-45F9-B7ED-4D43162AC17A}.Release|Any CPU.ActiveCfg = Release|Any CPU
		{5A06B241-114F-45F9-B7ED-4D43162AC17A}.Release|Any CPU.Build.0 = Release|Any CPU
		{B2926A79-E47B-4385-9481-7A38B4243144}.Debug|Any CPU.ActiveCfg = Debug|Any CPU
		{B2926A79-E47B-4385-9481-7A38B4243144}.Debug|Any CPU.Build.0 = Debug|Any CPU
		{B2926A79-E47B-4385-9481-7A38B4243144}.Release|Any CPU.ActiveCfg = Release|Any CPU
		{B2926A79-E47B-4385-9481-7A38B4243144}.Release|Any CPU.Build.0 = Release|Any CPU
	EndGlobalSection
	GlobalSection(SolutionProperties) = preSolution
		HideSolutionNode = FALSE
	EndGlobalSection
EndGlobal
